
Microsoft Visual Studio Solution File, Format Version 12.00
# Visual Studio Version 17
VisualStudioVersion = 17.7.34009.444
MinimumVisualStudioVersion = 10.0.40219.1
Project("{FAE04EC0-301F-11D3-BF4B-00C04F79EFBC}") = "Abstract Classes and Methods", "Abstract Classes and Methods.csproj", "{BD4D8839-E934-469C-961F-E1F9BDC26FE6}"
EndProject
Global
	GlobalSection(SolutionConfigurationPlatforms) = preSolution
		Debug|Any CPU = Debug|Any CPU
		Release|Any CPU = Release|Any CPU
	EndGlobalSection
	GlobalSection(ProjectConfigurationPlatforms) = postSolution
		{BD4D8839-E934-469C-961F-E1F9BDC26FE6}.Debug|Any CPU.ActiveCfg = Debug|Any CPU
		{BD4D8839-E934-469C-961F-E1F9BDC26FE6}.Debug|Any CPU.Build.0 = Debug|Any CPU
		{BD4D8839-E934-469C-961F-E1F9BDC26FE6}.Release|Any CPU.ActiveCfg = Release|Any CPU
		{BD4D8839-E934-469C-961F-E1F9BDC26FE6}.Release|Any CPU.Build.0 = Release|Any CPU
	EndGlobalSection
	GlobalSection(SolutionProperties) = preSolution
		HideSolutionNode = FALSE
	EndGlobalSection
	GlobalSection(ExtensibilityGlobals) = postSolution
		SolutionGuid = {475DAA72-535E-4CE7-8526-D49F5EB3B1E8}
	EndGlobalSection
EndGlobal
