
Microsoft Visual Studio Solution File, Format Version 12.00
# Visual Studio Version 17
VisualStudioVersion = 17.7.34018.315
MinimumVisualStudioVersion = 10.0.40219.1
Project("{FAE04EC0-301F-11D3-BF4B-00C04F79EFBC}") = "String Builders", "String Builders.csproj", "{0F9F74E9-0108-4767-8A96-A0036E8F4824}"
EndProject
Global
	GlobalSection(SolutionConfigurationPlatforms) = preSolution
		Debug|Any CPU = Debug|Any CPU
		Release|Any CPU = Release|Any CPU
	EndGlobalSection
	GlobalSection(ProjectConfigurationPlatforms) = postSolution
		{0F9F74E9-0108-4767-8A96-A0036E8F4824}.Debug|Any CPU.ActiveCfg = Debug|Any CPU
		{0F9F74E9-0108-4767-8A96-A0036E8F4824}.Debug|Any CPU.Build.0 = Debug|Any CPU
		{0F9F74E9-0108-4767-8A96-A0036E8F4824}.Release|Any CPU.ActiveCfg = Release|Any CPU
		{0F9F74E9-0108-4767-8A96-A0036E8F4824}.Release|Any CPU.Build.0 = Release|Any CPU
	EndGlobalSection
	GlobalSection(SolutionProperties) = preSolution
		HideSolutionNode = FALSE
	EndGlobalSection
	GlobalSection(ExtensibilityGlobals) = postSolution
		SolutionGuid = {C7C815EA-691A-4D5B-95D1-0473AEB77673}
	EndGlobalSection
EndGlobal
