
Microsoft Visual Studio Solution File, Format Version 12.00
# Visual Studio Version 17
VisualStudioVersion = 17.7.34009.444
MinimumVisualStudioVersion = 10.0.40219.1
Project("{FAE04EC0-301F-11D3-BF4B-00C04F79EFBC}") = "Conditonals", "Conditonals.csproj", "{69AE41A8-A98B-485F-85EB-784D263C7566}"
EndProject
Global
	GlobalSection(SolutionConfigurationPlatforms) = preSolution
		Debug|Any CPU = Debug|Any CPU
		Release|Any CPU = Release|Any CPU
	EndGlobalSection
	GlobalSection(ProjectConfigurationPlatforms) = postSolution
		{69AE41A8-A98B-485F-85EB-784D263C7566}.Debug|Any CPU.ActiveCfg = Debug|Any CPU
		{69AE41A8-A98B-485F-85EB-784D263C7566}.Debug|Any CPU.Build.0 = Debug|Any CPU
		{69AE41A8-A98B-485F-85EB-784D263C7566}.Release|Any CPU.ActiveCfg = Release|Any CPU
		{69AE41A8-A98B-485F-85EB-784D263C7566}.Release|Any CPU.Build.0 = Release|Any CPU
	EndGlobalSection
	GlobalSection(SolutionProperties) = preSolution
		HideSolutionNode = FALSE
	EndGlobalSection
	GlobalSection(ExtensibilityGlobals) = postSolution
		SolutionGuid = {C21B12FE-E0A4-4146-9B2A-50D57E36C64B}
	EndGlobalSection
EndGlobal
