
Microsoft Visual Studio Solution File, Format Version 12.00
# Visual Studio Version 17
VisualStudioVersion = 17.7.34009.444
MinimumVisualStudioVersion = 10.0.40219.1
Project("{FAE04EC0-301F-11D3-BF4B-00C04F79EFBC}") = "Console Commands", "Console Commands.csproj", "{31D11A12-877E-403D-9E93-AEA1126F27EB}"
EndProject
Global
	GlobalSection(SolutionConfigurationPlatforms) = preSolution
		Debug|Any CPU = Debug|Any CPU
		Release|Any CPU = Release|Any CPU
	EndGlobalSection
	GlobalSection(ProjectConfigurationPlatforms) = postSolution
		{31D11A12-877E-403D-9E93-AEA1126F27EB}.Debug|Any CPU.ActiveCfg = Debug|Any CPU
		{31D11A12-877E-403D-9E93-AEA1126F27EB}.Debug|Any CPU.Build.0 = Debug|Any CPU
		{31D11A12-877E-403D-9E93-AEA1126F27EB}.Release|Any CPU.ActiveCfg = Release|Any CPU
		{31D11A12-877E-403D-9E93-AEA1126F27EB}.Release|Any CPU.Build.0 = Release|Any CPU
	EndGlobalSection
	GlobalSection(SolutionProperties) = preSolution
		HideSolutionNode = FALSE
	EndGlobalSection
	GlobalSection(ExtensibilityGlobals) = postSolution
		SolutionGuid = {A7A4D58B-FBA4-460F-A2DA-46B55EDB4913}
	EndGlobalSection
EndGlobal
