
Microsoft Visual Studio Solution File, Format Version 12.00
# Visual Studio Version 17
VisualStudioVersion = 17.7.34003.232
MinimumVisualStudioVersion = 10.0.40219.1
Project("{FAE04EC0-301F-11D3-BF4B-00C04F79EFBC}") = "DataTypes", "DataTypes.csproj", "{A501F63F-399E-4550-9FBC-E4877C9BE417}"
EndProject
Global
	GlobalSection(SolutionConfigurationPlatforms) = preSolution
		Debug|Any CPU = Debug|Any CPU
		Release|Any CPU = Release|Any CPU
	EndGlobalSection
	GlobalSection(ProjectConfigurationPlatforms) = postSolution
		{A501F63F-399E-4550-9FBC-E4877C9BE417}.Debug|Any CPU.ActiveCfg = Debug|Any CPU
		{A501F63F-399E-4550-9FBC-E4877C9BE417}.Debug|Any CPU.Build.0 = Debug|Any CPU
		{A501F63F-399E-4550-9FBC-E4877C9BE417}.Release|Any CPU.ActiveCfg = Release|Any CPU
		{A501F63F-399E-4550-9FBC-E4877C9BE417}.Release|Any CPU.Build.0 = Release|Any CPU
	EndGlobalSection
	GlobalSection(SolutionProperties) = preSolution
		HideSolutionNode = FALSE
	EndGlobalSection
	GlobalSection(ExtensibilityGlobals) = postSolution
		SolutionGuid = {587BBF49-3AC9-4E60-AF89-C7B26FDB71B9}
	EndGlobalSection
EndGlobal
